
Microsoft Visual Studio Solution File, Format Version 12.00
# Visual Studio Version 17
VisualStudioVersion = 17.14.36915.13 d17.14
MinimumVisualStudioVersion = 10.0.40219.1
Project("{FAE04EC0-301F-11D3-BF4B-00C04F79EFBC}") = "GestorBibliotecaUniversitaria", "GestorBibliotecaUniversitaria\GestorBibliotecaUniversitaria.csproj", "{6FAA123C-C147-4E2F-A2F2-B34B003984D3}"
EndProject
Global
	GlobalSection(SolutionConfigurationPlatforms) = preSolution
		Debug|Any CPU = Debug|Any CPU
		Release|Any CPU = Release|Any CPU
	EndGlobalSection
	GlobalSection(ProjectConfigurationPlatforms) = postSolution
		{6FAA123C-C147-4E2F-A2F2-B34B003984D3}.Debug|Any CPU.ActiveCfg = Debug|Any CPU
		{6FAA123C-C147-4E2F-A2F2-B34B003984D3}.Debug|Any CPU.Build.0 = Debug|Any CPU
		{6FAA123C-C147-4E2F-A2F2-B34B003984D3}.Release|Any CPU.ActiveCfg = Release|Any CPU
		{6FAA123C-C147-4E2F-A2F2-B34B003984D3}.Release|Any CPU.Build.0 = Release|Any CPU
	EndGlobalSection
	GlobalSection(SolutionProperties) = preSolution
		HideSolutionNode = FALSE
	EndGlobalSection
	GlobalSection(ExtensibilityGlobals) = postSolution
		SolutionGuid = {00B9CD03-0EBA-4875-82A8-FCEEE7F70D28}
	EndGlobalSection
EndGlobal
